
Microsoft Visual Studio Solution File, Format Version 12.00
# Visual Studio Version 16
VisualStudioVersion = 16.0.29613.14
MinimumVisualStudioVersion = 10.0.40219.1
Project("{FAE04EC0-301F-11D3-BF4B-00C04F79EFBC}") = "Review.API", "Review.API\Review.API.csproj", "{E55CD87E-724B-4542-AC48-48C9BE2FA7C9}"
EndProject
Project("{FAE04EC0-301F-11D3-BF4B-00C04F79EFBC}") = "Review.Infrastructure", "Review.Infrastructure\Review.Infrastructure.csproj", "{9DD2A0FC-D0F7-47F8-9F9E-AD7162851412}"
EndProject
Project("{FAE04EC0-301F-11D3-BF4B-00C04F79EFBC}") = "Review.Domain", "Review.Domain\Review.Domain.csproj", "{7C4C3756-A844-46D4-B6C3-871544E80FED}"
EndProject
Global
	GlobalSection(SolutionConfigurationPlatforms) = preSolution
		Debug|Any CPU = Debug|Any CPU
		Release|Any CPU = Release|Any CPU
	EndGlobalSection
	GlobalSection(ProjectConfigurationPlatforms) = postSolution
		{E55CD87E-724B-4542-AC48-48C9BE2FA7C9}.Debug|Any CPU.ActiveCfg = Debug|Any CPU
		{E55CD87E-724B-4542-AC48-48C9BE2FA7C9}.Debug|Any CPU.Build.0 = Debug|Any CPU
		{E55CD87E-724B-4542-AC48-48C9BE2FA7C9}.Release|Any CPU.ActiveCfg = Release|Any CPU
		{E55CD87E-724B-4542-AC48-48C9BE2FA7C9}.Release|Any CPU.Build.0 = Release|Any CPU
		{9DD2A0FC-D0F7-47F8-9F9E-AD7162851412}.Debug|Any CPU.ActiveCfg = Debug|Any CPU
		{9DD2A0FC-D0F7-47F8-9F9E-AD7162851412}.Debug|Any CPU.Build.0 = Debug|Any CPU
		{9DD2A0FC-D0F7-47F8-9F9E-AD7162851412}.Release|Any CPU.ActiveCfg = Release|Any CPU
		{9DD2A0FC-D0F7-47F8-9F9E-AD7162851412}.Release|Any CPU.Build.0 = Release|Any CPU
		{7C4C3756-A844-46D4-B6C3-871544E80FED}.Debug|Any CPU.ActiveCfg = Debug|Any CPU
		{7C4C3756-A844-46D4-B6C3-871544E80FED}.Debug|Any CPU.Build.0 = Debug|Any CPU
		{7C4C3756-A844-46D4-B6C3-871544E80FED}.Release|Any CPU.ActiveCfg = Release|Any CPU
		{7C4C3756-A844-46D4-B6C3-871544E80FED}.Release|Any CPU.Build.0 = Release|Any CPU
	EndGlobalSection
	GlobalSection(SolutionProperties) = preSolution
		HideSolutionNode = FALSE
	EndGlobalSection
	GlobalSection(ExtensibilityGlobals) = postSolution
		SolutionGuid = {E66A1341-268C-4247-ACA8-151D56A964A3}
	EndGlobalSection
EndGlobal
